PODS:
  - IQKeyboardManager (6.1.1)

DEPENDENCIES:
  - IQKeyboardManager (~> 6.1.1)

SPEC REPOS:
  https://github.com/cocoapods/specs.git:
    - IQKeyboardManager

SPEC CHECKSUMS:
  IQKeyboardManager: 79c57795f5c2408d259d37b9da2ed07efcbb5225

PODFILE CHECKSUM: 7683e86e5f7ac262f5698d6abeb060177475da56

COCOAPODS: 1.5.3
